
Microsoft Visual Studio Solution File, Format Version 12.00
# Visual Studio Version 17
VisualStudioVersion = 17.3.32929.385
MinimumVisualStudioVersion = 10.0.40219.1
Project("{9A19103F-16F7-4668-BE54-9A1E7A4F7556}") = "Zadanie1", "Zadanie1\Zadanie1.csproj", "{35181026-A4ED-4EE2-A33B-9E63DAFDA158}"
EndProject
Project("{2150E333-8FDC-42A3-9474-1A3956D46DE8}") = "Zadanie2", "Zadanie2", "{FD4F492F-AD9F-4E8F-AE04-01BE7E504D8F}"
EndProject
Project("{9A19103F-16F7-4668-BE54-9A1E7A4F7556}") = "LegacyApp", "Zadanie2\LegacyApp\LegacyApp.csproj", "{D43052DA-BA3E-4957-8721-60A892DA4329}"
EndProject
Project("{9A19103F-16F7-4668-BE54-9A1E7A4F7556}") = "LegacyAppConsumer", "Zadanie2\LegacyAppConsumer\LegacyAppConsumer.csproj", "{F7143EF8-304D-42D6-A6F2-0E0E790FE6A1}"
EndProject
Project("{9A19103F-16F7-4668-BE54-9A1E7A4F7556}") = "RefactoringExample", "Zadanie2\RefactoringExample\RefactoringExample.csproj", "{F02E2904-BD17-463E-BE42-16BAD23BF58A}"
EndProject
Project("{9A19103F-16F7-4668-BE54-9A1E7A4F7556}") = "Zadanie3", "Zadanie3\Zadanie3.csproj", "{51588681-E5FF-4784-863C-BE9156D3A467}"
EndProject
Project("{9A19103F-16F7-4668-BE54-9A1E7A4F7556}") = "WpfExample", "Zadanie4\WpfExample\WpfExample.csproj", "{30136AC4-AE05-41A8-9397-68BA80E50E00}"
EndProject
Project("{9A19103F-16F7-4668-BE54-9A1E7A4F7556}") = "StudentsAPI", "Zadanie5\StudentsAPI\StudentsAPI.csproj", "{3447018D-3469-4097-B1CA-F822EAF440B4}"
EndProject
Project("{2150E333-8FDC-42A3-9474-1A3956D46DE8}") = "Zadanie4", "Zadanie4", "{91AA7E08-5C66-491E-9CED-CC1FF94EFCB5}"
EndProject
Project("{2150E333-8FDC-42A3-9474-1A3956D46DE8}") = "Zadanie5", "Zadanie5", "{EF73015A-67CA-4EC9-B7F4-004CF16428BE}"
EndProject
Project("{2150E333-8FDC-42A3-9474-1A3956D46DE8}") = "Zadanie6", "Zadanie6", "{0EA7ED76-3D8A-45E4-8562-A84729FB513B}"
EndProject
Project("{9A19103F-16F7-4668-BE54-9A1E7A4F7556}") = "SampleWebApp", "Zadanie6\SampleWebApp\SampleWebApp\SampleWebApp.csproj", "{7C8031F4-D91F-4029-AAE1-DFAB69FABC58}"
EndProject
Project("{2150E333-8FDC-42A3-9474-1A3956D46DE8}") = "Zadanie7", "Zadanie7", "{21C5C10E-A353-4D3A-9DE1-C55B01E19736}"
EndProject
Project("{9A19103F-16F7-4668-BE54-9A1E7A4F7556}") = "WarehouseAPI", "Zadanie7\WarehouseAPI\WarehouseAPI.csproj", "{E24049A9-8A90-4BE4-B952-685443583C3C}"
EndProject
Project("{2150E333-8FDC-42A3-9474-1A3956D46DE8}") = "Zadanie8", "Zadanie8", "{E429FE4E-073D-4E9F-A139-99DD09DB8C79}"
EndProject
Project("{9A19103F-16F7-4668-BE54-9A1E7A4F7556}") = "LinqTutorials", "Zadanie8\LinqCwiczenia2\LinqTutorials\LinqTutorials.csproj", "{B80F587B-CDBA-42D9-BA93-638FE6941079}"
EndProject
Global
	GlobalSection(SolutionConfigurationPlatforms) = preSolution
		Debug|Any CPU = Debug|Any CPU
		Release|Any CPU = Release|Any CPU
	EndGlobalSection
	GlobalSection(ProjectConfigurationPlatforms) = postSolution
		{35181026-A4ED-4EE2-A33B-9E63DAFDA158}.Debug|Any CPU.ActiveCfg = Debug|Any CPU
		{35181026-A4ED-4EE2-A33B-9E63DAFDA158}.Debug|Any CPU.Build.0 = Debug|Any CPU
		{35181026-A4ED-4EE2-A33B-9E63DAFDA158}.Release|Any CPU.ActiveCfg = Release|Any CPU
		{35181026-A4ED-4EE2-A33B-9E63DAFDA158}.Release|Any CPU.Build.0 = Release|Any CPU
		{D43052DA-BA3E-4957-8721-60A892DA4329}.Debug|Any CPU.ActiveCfg = Debug|Any CPU
		{D43052DA-BA3E-4957-8721-60A892DA4329}.Debug|Any CPU.Build.0 = Debug|Any CPU
		{D43052DA-BA3E-4957-8721-60A892DA4329}.Release|Any CPU.ActiveCfg = Release|Any CPU
		{D43052DA-BA3E-4957-8721-60A892DA4329}.Release|Any CPU.Build.0 = Release|Any CPU
		{F7143EF8-304D-42D6-A6F2-0E0E790FE6A1}.Debug|Any CPU.ActiveCfg = Debug|Any CPU
		{F7143EF8-304D-42D6-A6F2-0E0E790FE6A1}.Debug|Any CPU.Build.0 = Debug|Any CPU
		{F7143EF8-304D-42D6-A6F2-0E0E790FE6A1}.Release|Any CPU.ActiveCfg = Release|Any CPU
		{F7143EF8-304D-42D6-A6F2-0E0E790FE6A1}.Release|Any CPU.Build.0 = Release|Any CPU
		{F02E2904-BD17-463E-BE42-16BAD23BF58A}.Debug|Any CPU.ActiveCfg = Debug|Any CPU
		{F02E2904-BD17-463E-BE42-16BAD23BF58A}.Debug|Any CPU.Build.0 = Debug|Any CPU
		{F02E2904-BD17-463E-BE42-16BAD23BF58A}.Release|Any CPU.ActiveCfg = Release|Any CPU
		{F02E2904-BD17-463E-BE42-16BAD23BF58A}.Release|Any CPU.Build.0 = Release|Any CPU
		{51588681-E5FF-4784-863C-BE9156D3A467}.Debug|Any CPU.ActiveCfg = Debug|Any CPU
		{51588681-E5FF-4784-863C-BE9156D3A467}.Debug|Any CPU.Build.0 = Debug|Any CPU
		{51588681-E5FF-4784-863C-BE9156D3A467}.Release|Any CPU.ActiveCfg = Release|Any CPU
		{51588681-E5FF-4784-863C-BE9156D3A467}.Release|Any CPU.Build.0 = Release|Any CPU
		{30136AC4-AE05-41A8-9397-68BA80E50E00}.Debug|Any CPU.ActiveCfg = Debug|Any CPU
		{30136AC4-AE05-41A8-9397-68BA80E50E00}.Debug|Any CPU.Build.0 = Debug|Any CPU
		{30136AC4-AE05-41A8-9397-68BA80E50E00}.Release|Any CPU.ActiveCfg = Release|Any CPU
		{30136AC4-AE05-41A8-9397-68BA80E50E00}.Release|Any CPU.Build.0 = Release|Any CPU
		{3447018D-3469-4097-B1CA-F822EAF440B4}.Debug|Any CPU.ActiveCfg = Debug|Any CPU
		{3447018D-3469-4097-B1CA-F822EAF440B4}.Debug|Any CPU.Build.0 = Debug|Any CPU
		{3447018D-3469-4097-B1CA-F822EAF440B4}.Release|Any CPU.ActiveCfg = Release|Any CPU
		{3447018D-3469-4097-B1CA-F822EAF440B4}.Release|Any CPU.Build.0 = Release|Any CPU
		{7C8031F4-D91F-4029-AAE1-DFAB69FABC58}.Debug|Any CPU.ActiveCfg = Debug|Any CPU
		{7C8031F4-D91F-4029-AAE1-DFAB69FABC58}.Debug|Any CPU.Build.0 = Debug|Any CPU
		{7C8031F4-D91F-4029-AAE1-DFAB69FABC58}.Release|Any CPU.ActiveCfg = Release|Any CPU
		{7C8031F4-D91F-4029-AAE1-DFAB69FABC58}.Release|Any CPU.Build.0 = Release|Any CPU
		{E24049A9-8A90-4BE4-B952-685443583C3C}.Debug|Any CPU.ActiveCfg = Debug|Any CPU
		{E24049A9-8A90-4BE4-B952-685443583C3C}.Debug|Any CPU.Build.0 = Debug|Any CPU
		{E24049A9-8A90-4BE4-B952-685443583C3C}.Release|Any CPU.ActiveCfg = Release|Any CPU
		{E24049A9-8A90-4BE4-B952-685443583C3C}.Release|Any CPU.Build.0 = Release|Any CPU
		{B80F587B-CDBA-42D9-BA93-638FE6941079}.Debug|Any CPU.ActiveCfg = Debug|Any CPU
		{B80F587B-CDBA-42D9-BA93-638FE6941079}.Debug|Any CPU.Build.0 = Debug|Any CPU
		{B80F587B-CDBA-42D9-BA93-638FE6941079}.Release|Any CPU.ActiveCfg = Release|Any CPU
		{B80F587B-CDBA-42D9-BA93-638FE6941079}.Release|Any CPU.Build.0 = Release|Any CPU
	EndGlobalSection
	GlobalSection(SolutionProperties) = preSolution
		HideSolutionNode = FALSE
	EndGlobalSection
	GlobalSection(NestedProjects) = preSolution
		{D43052DA-BA3E-4957-8721-60A892DA4329} = {FD4F492F-AD9F-4E8F-AE04-01BE7E504D8F}
		{F7143EF8-304D-42D6-A6F2-0E0E790FE6A1} = {FD4F492F-AD9F-4E8F-AE04-01BE7E504D8F}
		{F02E2904-BD17-463E-BE42-16BAD23BF58A} = {FD4F492F-AD9F-4E8F-AE04-01BE7E504D8F}
		{30136AC4-AE05-41A8-9397-68BA80E50E00} = {91AA7E08-5C66-491E-9CED-CC1FF94EFCB5}
		{3447018D-3469-4097-B1CA-F822EAF440B4} = {EF73015A-67CA-4EC9-B7F4-004CF16428BE}
		{7C8031F4-D91F-4029-AAE1-DFAB69FABC58} = {0EA7ED76-3D8A-45E4-8562-A84729FB513B}
		{E24049A9-8A90-4BE4-B952-685443583C3C} = {21C5C10E-A353-4D3A-9DE1-C55B01E19736}
		{B80F587B-CDBA-42D9-BA93-638FE6941079} = {E429FE4E-073D-4E9F-A139-99DD09DB8C79}
	EndGlobalSection
	GlobalSection(ExtensibilityGlobals) = postSolution
		SolutionGuid = {6FA70E3D-F618-4494-BACA-AC42AFAD6118}
	EndGlobalSection
EndGlobal
