
Microsoft Visual Studio Solution File, Format Version 12.00
# Visual Studio Version 17
VisualStudioVersion = 17.3.32929.385
MinimumVisualStudioVersion = 10.0.40219.1
Project("{FAE04EC0-301F-11D3-BF4B-00C04F79EFBC}") = "Zadanie1", "TAN_PD3825\Zadanie1.csproj", "{F180CDB9-C6B6-4FC2-B239-23E89235BCD7}"
EndProject
Global
	GlobalSection(SolutionConfigurationPlatforms) = preSolution
		Debug|Any CPU = Debug|Any CPU
		Release|Any CPU = Release|Any CPU
	EndGlobalSection
	GlobalSection(ProjectConfigurationPlatforms) = postSolution
		{F180CDB9-C6B6-4FC2-B239-23E89235BCD7}.Debug|Any CPU.ActiveCfg = Debug|Any CPU
		{F180CDB9-C6B6-4FC2-B239-23E89235BCD7}.Debug|Any CPU.Build.0 = Debug|Any CPU
		{F180CDB9-C6B6-4FC2-B239-23E89235BCD7}.Release|Any CPU.ActiveCfg = Release|Any CPU
		{F180CDB9-C6B6-4FC2-B239-23E89235BCD7}.Release|Any CPU.Build.0 = Release|Any CPU
	EndGlobalSection
	GlobalSection(SolutionProperties) = preSolution
		HideSolutionNode = FALSE
	EndGlobalSection
	GlobalSection(ExtensibilityGlobals) = postSolution
		SolutionGuid = {6FA70E3D-F618-4494-BACA-AC42AFAD6118}
	EndGlobalSection
EndGlobal
