
Microsoft Visual Studio Solution File, Format Version 12.00
# Visual Studio Version 17
VisualStudioVersion = 17.3.32929.385
MinimumVisualStudioVersion = 10.0.40219.1
Project("{9A19103F-16F7-4668-BE54-9A1E7A4F7556}") = "Zadanie1", "Zadanie1\Zadanie1.csproj", "{35181026-A4ED-4EE2-A33B-9E63DAFDA158}"
EndProject
Project("{2150E333-8FDC-42A3-9474-1A3956D46DE8}") = "Zadanie2", "Zadanie2", "{FD4F492F-AD9F-4E8F-AE04-01BE7E504D8F}"
EndProject
Project("{9A19103F-16F7-4668-BE54-9A1E7A4F7556}") = "LegacyApp", "Zadanie2\LegacyApp\LegacyApp.csproj", "{D43052DA-BA3E-4957-8721-60A892DA4329}"
EndProject
Project("{9A19103F-16F7-4668-BE54-9A1E7A4F7556}") = "LegacyAppConsumer", "Zadanie2\LegacyAppConsumer\LegacyAppConsumer.csproj", "{F7143EF8-304D-42D6-A6F2-0E0E790FE6A1}"
EndProject
Project("{9A19103F-16F7-4668-BE54-9A1E7A4F7556}") = "RefactoringExample", "Zadanie2\RefactoringExample\RefactoringExample.csproj", "{F02E2904-BD17-463E-BE42-16BAD23BF58A}"
EndProject
Global
	GlobalSection(SolutionConfigurationPlatforms) = preSolution
		Debug|Any CPU = Debug|Any CPU
		Release|Any CPU = Release|Any CPU
	EndGlobalSection
	GlobalSection(ProjectConfigurationPlatforms) = postSolution
		{35181026-A4ED-4EE2-A33B-9E63DAFDA158}.Debug|Any CPU.ActiveCfg = Debug|Any CPU
		{35181026-A4ED-4EE2-A33B-9E63DAFDA158}.Debug|Any CPU.Build.0 = Debug|Any CPU
		{35181026-A4ED-4EE2-A33B-9E63DAFDA158}.Release|Any CPU.ActiveCfg = Release|Any CPU
		{35181026-A4ED-4EE2-A33B-9E63DAFDA158}.Release|Any CPU.Build.0 = Release|Any CPU
		{D43052DA-BA3E-4957-8721-60A892DA4329}.Debug|Any CPU.ActiveCfg = Debug|Any CPU
		{D43052DA-BA3E-4957-8721-60A892DA4329}.Debug|Any CPU.Build.0 = Debug|Any CPU
		{D43052DA-BA3E-4957-8721-60A892DA4329}.Release|Any CPU.ActiveCfg = Release|Any CPU
		{D43052DA-BA3E-4957-8721-60A892DA4329}.Release|Any CPU.Build.0 = Release|Any CPU
		{F7143EF8-304D-42D6-A6F2-0E0E790FE6A1}.Debug|Any CPU.ActiveCfg = Debug|Any CPU
		{F7143EF8-304D-42D6-A6F2-0E0E790FE6A1}.Debug|Any CPU.Build.0 = Debug|Any CPU
		{F7143EF8-304D-42D6-A6F2-0E0E790FE6A1}.Release|Any CPU.ActiveCfg = Release|Any CPU
		{F7143EF8-304D-42D6-A6F2-0E0E790FE6A1}.Release|Any CPU.Build.0 = Release|Any CPU
		{F02E2904-BD17-463E-BE42-16BAD23BF58A}.Debug|Any CPU.ActiveCfg = Debug|Any CPU
		{F02E2904-BD17-463E-BE42-16BAD23BF58A}.Debug|Any CPU.Build.0 = Debug|Any CPU
		{F02E2904-BD17-463E-BE42-16BAD23BF58A}.Release|Any CPU.ActiveCfg = Release|Any CPU
		{F02E2904-BD17-463E-BE42-16BAD23BF58A}.Release|Any CPU.Build.0 = Release|Any CPU
	EndGlobalSection
	GlobalSection(SolutionProperties) = preSolution
		HideSolutionNode = FALSE
	EndGlobalSection
	GlobalSection(NestedProjects) = preSolution
		{D43052DA-BA3E-4957-8721-60A892DA4329} = {FD4F492F-AD9F-4E8F-AE04-01BE7E504D8F}
		{F7143EF8-304D-42D6-A6F2-0E0E790FE6A1} = {FD4F492F-AD9F-4E8F-AE04-01BE7E504D8F}
		{F02E2904-BD17-463E-BE42-16BAD23BF58A} = {FD4F492F-AD9F-4E8F-AE04-01BE7E504D8F}
	EndGlobalSection
	GlobalSection(ExtensibilityGlobals) = postSolution
		SolutionGuid = {6FA70E3D-F618-4494-BACA-AC42AFAD6118}
	EndGlobalSection
EndGlobal
