
Microsoft Visual Studio Solution File, Format Version 12.00
# Visual Studio Version 16
VisualStudioVersion = 16.0.31515.178
MinimumVisualStudioVersion = 10.0.40219.1
Project("{FAE04EC0-301F-11D3-BF4B-00C04F79EFBC}") = "WpfExample", "WpfExample\WpfExample.csproj", "{95B30856-CEB2-4A1D-8020-EBA06C54EC44}"
EndProject
Global
	GlobalSection(SolutionConfigurationPlatforms) = preSolution
		Debug|Any CPU = Debug|Any CPU
		Release|Any CPU = Release|Any CPU
	EndGlobalSection
	GlobalSection(ProjectConfigurationPlatforms) = postSolution
		{95B30856-CEB2-4A1D-8020-EBA06C54EC44}.Debug|Any CPU.ActiveCfg = Debug|Any CPU
		{95B30856-CEB2-4A1D-8020-EBA06C54EC44}.Debug|Any CPU.Build.0 = Debug|Any CPU
		{95B30856-CEB2-4A1D-8020-EBA06C54EC44}.Release|Any CPU.ActiveCfg = Release|Any CPU
		{95B30856-CEB2-4A1D-8020-EBA06C54EC44}.Release|Any CPU.Build.0 = Release|Any CPU
	EndGlobalSection
	GlobalSection(SolutionProperties) = preSolution
		HideSolutionNode = FALSE
	EndGlobalSection
	GlobalSection(ExtensibilityGlobals) = postSolution
		SolutionGuid = {82EB0874-2FD7-4DAD-ACB8-BD254B34CE89}
	EndGlobalSection
EndGlobal
